# This file is automatically @generated by Cargo.
# It is not intended for manual editing.
version = 3

[[package]]
name = "notion-drive-backend"
version = "0.2.0"
dependencies = [
 "anyhow",
 "argon2",
 "aws-config",
 "aws-sdk-s3",
 "axum",
 "base64",
 "chrono",
 "config",
 "futures",
 "governor",
 "hex",
 "http",
 "ipnetwork",
 "jsonwebtoken",
 "mime",
 "nonempty",
 "quick-xml",
 "rand",
 "reqwest",
 "serde",
 "serde_json",
 "sha2",
 "sqlx",
 "thiserror",
 "tokio",
 "tokio-stream",
 "tower",
 "tower-http",
 "tracing",
 "tracing-subscriber",
 "url",
 "urlencoding",
 "uuid",
 "validator",
]